// !$*UTF8*$!
{
	archiveVersion = 1;
	classes = {
	};
	objectVersion = 46;
	objects = {

/* Begin PBXBuildFile section */
		646CC2FC227D13D23F9BCE4B /* libPods.a in Frameworks */ = {isa = PBXBuildFile; fileRef = 345CE06EB7C8F6B36FD84EE6 /* libPods.a */; };
		6800EF081C29950B000CAD71 /* btn1_nor.png in Resources */ = {isa = PBXBuildFile; fileRef = 6800EEF01C29950B000CAD71 /* btn1_nor.png */; };
		6800EF091C29950B000CAD71 /* btn1_sel.png in Resources */ = {isa = PBXBuildFile; fileRef = 6800EEF11C29950B000CAD71 /* btn1_sel.png */; };
		6800EF0A1C29950B000CAD71 /* btn_register.png in Resources */ = {isa = PBXBuildFile; fileRef = 6800EEF21C29950B000CAD71 /* btn_register.png */; };
		6800EF0B1C29950B000CAD71 /* btn_registerb.png in Resources */ = {isa = PBXBuildFile; fileRef = 6800EEF31C29950B000CAD71 /* btn_registerb.png */; };
		6800EF0C1C29950B000CAD71 /* cell_back.png in Resources */ = {isa = PBXBuildFile; fileRef = 6800EEF41C29950B000CAD71 /* cell_back.png */; };
		6800EF0D1C29950B000CAD71 /* list_icon1.png in Resources */ = {isa = PBXBuildFile; fileRef = 6800EEF51C29950B000CAD71 /* list_icon1.png */; };
		6800EF0E1C29950B000CAD71 /* list_icon2.png in Resources */ = {isa = PBXBuildFile; fileRef = 6800EEF61C29950B000CAD71 /* list_icon2.png */; };
		6800EF0F1C29950B000CAD71 /* list_icon3.png in Resources */ = {isa = PBXBuildFile; fileRef = 6800EEF71C29950B000CAD71 /* list_icon3.png */; };
		6800EF101C29950B000CAD71 /* list_icon4.png in Resources */ = {isa = PBXBuildFile; fileRef = 6800EEF81C29950B000CAD71 /* list_icon4.png */; };
		6800EF111C29950B000CAD71 /* list_icon5.png in Resources */ = {isa = PBXBuildFile; fileRef = 6800EEF91C29950B000CAD71 /* list_icon5.png */; };
		6800EF121C29950B000CAD71 /* logo.png in Resources */ = {isa = PBXBuildFile; fileRef = 6800EEFA1C29950B000CAD71 /* logo.png */; };
		6800EF131C29950B000CAD71 /* nav_btn_refresh.png in Resources */ = {isa = PBXBuildFile; fileRef = 6800EEFB1C29950B000CAD71 /* nav_btn_refresh.png */; };
		6800EF141C29950B000CAD71 /* tab_btn1_nor.png in Resources */ = {isa = PBXBuildFile; fileRef = 6800EEFC1C29950B000CAD71 /* tab_btn1_nor.png */; };
		6800EF151C29950B000CAD71 /* tab_btn1_sel.png in Resources */ = {isa = PBXBuildFile; fileRef = 6800EEFD1C29950B000CAD71 /* tab_btn1_sel.png */; };
		6800EF161C29950B000CAD71 /* tab_btn2_nor.png in Resources */ = {isa = PBXBuildFile; fileRef = 6800EEFE1C29950B000CAD71 /* tab_btn2_nor.png */; };
		6800EF171C29950B000CAD71 /* tab_btn2_sel.png in Resources */ = {isa = PBXBuildFile; fileRef = 6800EEFF1C29950B000CAD71 /* tab_btn2_sel.png */; };
		6800EF181C29950B000CAD71 /* tab_btn3_nor.png in Resources */ = {isa = PBXBuildFile; fileRef = 6800EF001C29950B000CAD71 /* tab_btn3_nor.png */; };
		6800EF191C29950B000CAD71 /* tab_btn3_sel.png in Resources */ = {isa = PBXBuildFile; fileRef = 6800EF011C29950B000CAD71 /* tab_btn3_sel.png */; };
		6800EF1A1C29950B000CAD71 /* tab_btn4_nor.png in Resources */ = {isa = PBXBuildFile; fileRef = 6800EF021C29950B000CAD71 /* tab_btn4_nor.png */; };
		6800EF1B1C29950B000CAD71 /* tab_btn4_sel.png in Resources */ = {isa = PBXBuildFile; fileRef = 6800EF031C29950B000CAD71 /* tab_btn4_sel.png */; };
		6800EF1C1C29950B000CAD71 /* tab_btn7_nor.png in Resources */ = {isa = PBXBuildFile; fileRef = 6800EF041C29950B000CAD71 /* tab_btn7_nor.png */; };
		6800EF1D1C29950B000CAD71 /* tab_btn7_sel.png in Resources */ = {isa = PBXBuildFile; fileRef = 6800EF051C29950B000CAD71 /* tab_btn7_sel.png */; };
		6800EF1E1C29950B000CAD71 /* tab_btn9_nor.png in Resources */ = {isa = PBXBuildFile; fileRef = 6800EF061C29950B000CAD71 /* tab_btn9_nor.png */; };
		6800EF1F1C29950B000CAD71 /* tab_btn9_sel.png in Resources */ = {isa = PBXBuildFile; fileRef = 6800EF071C29950B000CAD71 /* tab_btn9_sel.png */; };
		6800EF241C299864000CAD71 /* launcher@3x.png in Resources */ = {isa = PBXBuildFile; fileRef = 6800EF231C299864000CAD71 /* launcher@3x.png */; };
		685A835E1C2842FE0075745A /* BaseTabBarController.m in Sources */ = {isa = PBXBuildFile; fileRef = 685A835D1C2842FE0075745A /* BaseTabBarController.m */; };
		685A83611C28430E0075745A /* BaseViewController.m in Sources */ = {isa = PBXBuildFile; fileRef = 685A83601C28430E0075745A /* BaseViewController.m */; };
		687A653C1C284455001E1FB4 /* RescomTabBarController.m in Sources */ = {isa = PBXBuildFile; fileRef = 687A653B1C284455001E1FB4 /* RescomTabBarController.m */; };
		687A65521C284593001E1FB4 /* BSBViewController.m in Sources */ = {isa = PBXBuildFile; fileRef = 687A65511C284593001E1FB4 /* BSBViewController.m */; };
		687A65551C2845A2001E1FB4 /* HHVViewController.m in Sources */ = {isa = PBXBuildFile; fileRef = 687A65541C2845A2001E1FB4 /* HHVViewController.m */; };
		687A65581C2845AC001E1FB4 /* LFDViewController.m in Sources */ = {isa = PBXBuildFile; fileRef = 687A65571C2845AC001E1FB4 /* LFDViewController.m */; };
		687A655B1C2845BE001E1FB4 /* XHVViewController.m in Sources */ = {isa = PBXBuildFile; fileRef = 687A655A1C2845BE001E1FB4 /* XHVViewController.m */; };
		68935C7D1C19C34400717082 /* main.m in Sources */ = {isa = PBXBuildFile; fileRef = 68935C7C1C19C34400717082 /* main.m */; };
		68935C801C19C34400717082 /* AppDelegate.m in Sources */ = {isa = PBXBuildFile; fileRef = 68935C7F1C19C34400717082 /* AppDelegate.m */; };
		68935C881C19C34400717082 /* Images.xcassets in Resources */ = {isa = PBXBuildFile; fileRef = 68935C871C19C34400717082 /* Images.xcassets */; };
		68935C8B1C19C34400717082 /* LaunchScreen.xib in Resources */ = {isa = PBXBuildFile; fileRef = 68935C891C19C34400717082 /* LaunchScreen.xib */; };
		68935C971C19C34400717082 /* MCJRescomTests.m in Sources */ = {isa = PBXBuildFile; fileRef = 68935C961C19C34400717082 /* MCJRescomTests.m */; };
		68DE833B1C2AE17E0067FC3E /* XHVPathOfDraw.m in Sources */ = {isa = PBXBuildFile; fileRef = 68DE833A1C2AE17E0067FC3E /* XHVPathOfDraw.m */; };
		68DE833E1C2AE2F50067FC3E /* XHVDrawView.m in Sources */ = {isa = PBXBuildFile; fileRef = 68DE833D1C2AE2F50067FC3E /* XHVDrawView.m */; };
		68DE83411C2AE4060067FC3E /* XHVToolView.m in Sources */ = {isa = PBXBuildFile; fileRef = 68DE83401C2AE4060067FC3E /* XHVToolView.m */; };
		68DE83441C2AE46C0067FC3E /* XHVLineView.m in Sources */ = {isa = PBXBuildFile; fileRef = 68DE83431C2AE46C0067FC3E /* XHVLineView.m */; };
		68DE83471C2AE4910067FC3E /* XHVColorPath.m in Sources */ = {isa = PBXBuildFile; fileRef = 68DE83461C2AE4910067FC3E /* XHVColorPath.m */; };
/* End PBXBuildFile section */

/* Begin PBXContainerItemProxy section */
		68935C911C19C34400717082 /* PBXContainerItemProxy */ = {
			isa = PBXContainerItemProxy;
			containerPortal = 68935C6F1C19C34400717082 /* Project object */;
			proxyType = 1;
			remoteGlobalIDString = 68935C761C19C34400717082;
			remoteInfo = MCJRescom;
		};
/* End PBXContainerItemProxy section */

/* Begin PBXFileReference section */
		11E63735C267DDD3A1B8F312 /* Pods.debug.xcconfig */ = {isa = PBXFileReference; includeInIndex = 1; lastKnownFileType = text.xcconfig; name = Pods.debug.xcconfig; path = "Pods/Target Support Files/Pods/Pods.debug.xcconfig"; sourceTree = "<group>"; };
		345CE06EB7C8F6B36FD84EE6 /* libPods.a */ = {isa = PBXFileReference; explicitFileType = archive.ar; includeInIndex = 0; path = libPods.a; sourceTree = BUILT_PRODUCTS_DIR; };
		6800EEF01C29950B000CAD71 /* btn1_nor.png */ = {isa = PBXFileReference; lastKnownFileType = image.png; path = btn1_nor.png; sourceTree = "<group>"; };
		6800EEF11C29950B000CAD71 /* btn1_sel.png */ = {isa = PBXFileReference; lastKnownFileType = image.png; path = btn1_sel.png; sourceTree = "<group>"; };
		6800EEF21C29950B000CAD71 /* btn_register.png */ = {isa = PBXFileReference; lastKnownFileType = image.png; path = btn_register.png; sourceTree = "<group>"; };
		6800EEF31C29950B000CAD71 /* btn_registerb.png */ = {isa = PBXFileReference; lastKnownFileType = image.png; path = btn_registerb.png; sourceTree = "<group>"; };
		6800EEF41C29950B000CAD71 /* cell_back.png */ = {isa = PBXFileReference; lastKnownFileType = image.png; path = cell_back.png; sourceTree = "<group>"; };
		6800EEF51C29950B000CAD71 /* list_icon1.png */ = {isa = PBXFileReference; lastKnownFileType = image.png; path = list_icon1.png; sourceTree = "<group>"; };
		6800EEF61C29950B000CAD71 /* list_icon2.png */ = {isa = PBXFileReference; lastKnownFileType = image.png; path = list_icon2.png; sourceTree = "<group>"; };
		6800EEF71C29950B000CAD71 /* list_icon3.png */ = {isa = PBXFileReference; lastKnownFileType = image.png; path = list_icon3.png; sourceTree = "<group>"; };
		6800EEF81C29950B000CAD71 /* list_icon4.png */ = {isa = PBXFileReference; lastKnownFileType = image.png; path = list_icon4.png; sourceTree = "<group>"; };
		6800EEF91C29950B000CAD71 /* list_icon5.png */ = {isa = PBXFileReference; lastKnownFileType = image.png; path = list_icon5.png; sourceTree = "<group>"; };
		6800EEFA1C29950B000CAD71 /* logo.png */ = {isa = PBXFileReference; lastKnownFileType = image.png; path = logo.png; sourceTree = "<group>"; };
		6800EEFB1C29950B000CAD71 /* nav_btn_refresh.png */ = {isa = PBXFileReference; lastKnownFileType = image.png; path = nav_btn_refresh.png; sourceTree = "<group>"; };
		6800EEFC1C29950B000CAD71 /* tab_btn1_nor.png */ = {isa = PBXFileReference; lastKnownFileType = image.png; path = tab_btn1_nor.png; sourceTree = "<group>"; };
		6800EEFD1C29950B000CAD71 /* tab_btn1_sel.png */ = {isa = PBXFileReference; lastKnownFileType = image.png; path = tab_btn1_sel.png; sourceTree = "<group>"; };
		6800EEFE1C29950B000CAD71 /* tab_btn2_nor.png */ = {isa = PBXFileReference; lastKnownFileType = image.png; path = tab_btn2_nor.png; sourceTree = "<group>"; };
		6800EEFF1C29950B000CAD71 /* tab_btn2_sel.png */ = {isa = PBXFileReference; lastKnownFileType = image.png; path = tab_btn2_sel.png; sourceTree = "<group>"; };
		6800EF001C29950B000CAD71 /* tab_btn3_nor.png */ = {isa = PBXFileReference; lastKnownFileType = image.png; path = tab_btn3_nor.png; sourceTree = "<group>"; };
		6800EF011C29950B000CAD71 /* tab_btn3_sel.png */ = {isa = PBXFileReference; lastKnownFileType = image.png; path = tab_btn3_sel.png; sourceTree = "<group>"; };
		6800EF021C29950B000CAD71 /* tab_btn4_nor.png */ = {isa = PBXFileReference; lastKnownFileType = image.png; path = tab_btn4_nor.png; sourceTree = "<group>"; };
		6800EF031C29950B000CAD71 /* tab_btn4_sel.png */ = {isa = PBXFileReference; lastKnownFileType = image.png; path = tab_btn4_sel.png; sourceTree = "<group>"; };
		6800EF041C29950B000CAD71 /* tab_btn7_nor.png */ = {isa = PBXFileReference; lastKnownFileType = image.png; path = tab_btn7_nor.png; sourceTree = "<group>"; };
		6800EF051C29950B000CAD71 /* tab_btn7_sel.png */ = {isa = PBXFileReference; lastKnownFileType = image.png; path = tab_btn7_sel.png; sourceTree = "<group>"; };
		6800EF061C29950B000CAD71 /* tab_btn9_nor.png */ = {isa = PBXFileReference; lastKnownFileType = image.png; path = tab_btn9_nor.png; sourceTree = "<group>"; };
		6800EF071C29950B000CAD71 /* tab_btn9_sel.png */ = {isa = PBXFileReference; lastKnownFileType = image.png; path = tab_btn9_sel.png; sourceTree = "<group>"; };
		6800EF231C299864000CAD71 /* launcher@3x.png */ = {isa = PBXFileReference; lastKnownFileType = image.png; path = "launcher@3x.png"; sourceTree = "<group>"; };
		685A835C1C2842FE0075745A /* BaseTabBarController.h */ = {isa = PBXFileReference; fileEncoding = 4; lastKnownFileType = sourcecode.c.h; path = BaseTabBarController.h; sourceTree = "<group>"; };
		685A835D1C2842FE0075745A /* BaseTabBarController.m */ = {isa = PBXFileReference; fileEncoding = 4; lastKnownFileType = sourcecode.c.objc; path = BaseTabBarController.m; sourceTree = "<group>"; };
		685A835F1C28430E0075745A /* BaseViewController.h */ = {isa = PBXFileReference; fileEncoding = 4; lastKnownFileType = sourcecode.c.h; path = BaseViewController.h; sourceTree = "<group>"; };
		685A83601C28430E0075745A /* BaseViewController.m */ = {isa = PBXFileReference; fileEncoding = 4; lastKnownFileType = sourcecode.c.objc; path = BaseViewController.m; sourceTree = "<group>"; };
		687A653A1C284455001E1FB4 /* RescomTabBarController.h */ = {isa = PBXFileReference; fileEncoding = 4; lastKnownFileType = sourcecode.c.h; path = RescomTabBarController.h; sourceTree = "<group>"; };
		687A653B1C284455001E1FB4 /* RescomTabBarController.m */ = {isa = PBXFileReference; fileEncoding = 4; lastKnownFileType = sourcecode.c.objc; path = RescomTabBarController.m; sourceTree = "<group>"; };
		687A65501C284593001E1FB4 /* BSBViewController.h */ = {isa = PBXFileReference; fileEncoding = 4; lastKnownFileType = sourcecode.c.h; path = BSBViewController.h; sourceTree = "<group>"; };
		687A65511C284593001E1FB4 /* BSBViewController.m */ = {isa = PBXFileReference; fileEncoding = 4; lastKnownFileType = sourcecode.c.objc; path = BSBViewController.m; sourceTree = "<group>"; };
		687A65531C2845A2001E1FB4 /* HHVViewController.h */ = {isa = PBXFileReference; fileEncoding = 4; lastKnownFileType = sourcecode.c.h; path = HHVViewController.h; sourceTree = "<group>"; };
		687A65541C2845A2001E1FB4 /* HHVViewController.m */ = {isa = PBXFileReference; fileEncoding = 4; lastKnownFileType = sourcecode.c.objc; path = HHVViewController.m; sourceTree = "<group>"; };
		687A65561C2845AC001E1FB4 /* LFDViewController.h */ = {isa = PBXFileReference; fileEncoding = 4; lastKnownFileType = sourcecode.c.h; path = LFDViewController.h; sourceTree = "<group>"; };
		687A65571C2845AC001E1FB4 /* LFDViewController.m */ = {isa = PBXFileReference; fileEncoding = 4; lastKnownFileType = sourcecode.c.objc; path = LFDViewController.m; sourceTree = "<group>"; };
		687A65591C2845BE001E1FB4 /* XHVViewController.h */ = {isa = PBXFileReference; fileEncoding = 4; lastKnownFileType = sourcecode.c.h; path = XHVViewController.h; sourceTree = "<group>"; };
		687A655A1C2845BE001E1FB4 /* XHVViewController.m */ = {isa = PBXFileReference; fileEncoding = 4; lastKnownFileType = sourcecode.c.objc; path = XHVViewController.m; sourceTree = "<group>"; };
		68935C771C19C34400717082 /* MCJRescom.app */ = {isa = PBXFileReference; explicitFileType = wrapper.application; includeInIndex = 0; path = MCJRescom.app; sourceTree = BUILT_PRODUCTS_DIR; };
		68935C7B1C19C34400717082 /* Info.plist */ = {isa = PBXFileReference; lastKnownFileType = text.plist.xml; path = Info.plist; sourceTree = "<group>"; };
		68935C7C1C19C34400717082 /* main.m */ = {isa = PBXFileReference; lastKnownFileType = sourcecode.c.objc; path = main.m; sourceTree = "<group>"; };
		68935C7E1C19C34400717082 /* AppDelegate.h */ = {isa = PBXFileReference; lastKnownFileType = sourcecode.c.h; path = AppDelegate.h; sourceTree = "<group>"; };
		68935C7F1C19C34400717082 /* AppDelegate.m */ = {isa = PBXFileReference; lastKnownFileType = sourcecode.c.objc; path = AppDelegate.m; sourceTree = "<group>"; };
		68935C871C19C34400717082 /* Images.xcassets */ = {isa = PBXFileReference; lastKnownFileType = folder.assetcatalog; path = Images.xcassets; sourceTree = "<group>"; };
		68935C8A1C19C34400717082 /* Base */ = {isa = PBXFileReference; lastKnownFileType = file.xib; name = Base; path = Base.lproj/LaunchScreen.xib; sourceTree = "<group>"; };
		68935C901C19C34400717082 /* MCJRescomTests.xctest */ = {isa = PBXFileReference; explicitFileType = wrapper.cfbundle; includeInIndex = 0; path = MCJRescomTests.xctest; sourceTree = BUILT_PRODUCTS_DIR; };
		68935C951C19C34400717082 /* Info.plist */ = {isa = PBXFileReference; lastKnownFileType = text.plist.xml; path = Info.plist; sourceTree = "<group>"; };
		68935C961C19C34400717082 /* MCJRescomTests.m */ = {isa = PBXFileReference; lastKnownFileType = sourcecode.c.objc; path = MCJRescomTests.m; sourceTree = "<group>"; };
		68DE83391C2AE17E0067FC3E /* XHVPathOfDraw.h */ = {isa = PBXFileReference; fileEncoding = 4; lastKnownFileType = sourcecode.c.h; path = XHVPathOfDraw.h; sourceTree = "<group>"; };
		68DE833A1C2AE17E0067FC3E /* XHVPathOfDraw.m */ = {isa = PBXFileReference; fileEncoding = 4; lastKnownFileType = sourcecode.c.objc; path = XHVPathOfDraw.m; sourceTree = "<group>"; };
		68DE833C1C2AE2F50067FC3E /* XHVDrawView.h */ = {isa = PBXFileReference; fileEncoding = 4; lastKnownFileType = sourcecode.c.h; path = XHVDrawView.h; sourceTree = "<group>"; };
		68DE833D1C2AE2F50067FC3E /* XHVDrawView.m */ = {isa = PBXFileReference; fileEncoding = 4; lastKnownFileType = sourcecode.c.objc; path = XHVDrawView.m; sourceTree = "<group>"; };
		68DE833F1C2AE4060067FC3E /* XHVToolView.h */ = {isa = PBXFileReference; fileEncoding = 4; lastKnownFileType = sourcecode.c.h; path = XHVToolView.h; sourceTree = "<group>"; };
		68DE83401C2AE4060067FC3E /* XHVToolView.m */ = {isa = PBXFileReference; fileEncoding = 4; lastKnownFileType = sourcecode.c.objc; path = XHVToolView.m; sourceTree = "<group>"; };
		68DE83421C2AE46C0067FC3E /* XHVLineView.h */ = {isa = PBXFileReference; fileEncoding = 4; lastKnownFileType = sourcecode.c.h; path = XHVLineView.h; sourceTree = "<group>"; };
		68DE83431C2AE46C0067FC3E /* XHVLineView.m */ = {isa = PBXFileReference; fileEncoding = 4; lastKnownFileType = sourcecode.c.objc; path = XHVLineView.m; sourceTree = "<group>"; };
		68DE83451C2AE4910067FC3E /* XHVColorPath.h */ = {isa = PBXFileReference; fileEncoding = 4; lastKnownFileType = sourcecode.c.h; path = XHVColorPath.h; sourceTree = "<group>"; };
		68DE83461C2AE4910067FC3E /* XHVColorPath.m */ = {isa = PBXFileReference; fileEncoding = 4; lastKnownFileType = sourcecode.c.objc; path = XHVColorPath.m; sourceTree = "<group>"; };
		8951F3AED1710906C6ABB26A /* Pods.release.xcconfig */ = {isa = PBXFileReference; includeInIndex = 1; lastKnownFileType = text.xcconfig; name = Pods.release.xcconfig; path = "Pods/Target Support Files/Pods/Pods.release.xcconfig"; sourceTree = "<group>"; };
/* End PBXFileReference section */

/* Begin PBXFrameworksBuildPhase section */
		68935C741C19C34400717082 /* Frameworks */ = {
			isa = PBXFrameworksBuildPhase;
			buildActionMask = 2147483647;
			files = (
				646CC2FC227D13D23F9BCE4B /* libPods.a in Frameworks */,
			);
			runOnlyForDeploymentPostprocessing = 0;
		};
		68935C8D1C19C34400717082 /* Frameworks */ = {
			isa = PBXFrameworksBuildPhase;
			buildActionMask = 2147483647;
			files = (
			);
			runOnlyForDeploymentPostprocessing = 0;
		};
/* End PBXFrameworksBuildPhase section */

/* Begin PBXGroup section */
		41D41C1CD92D3FDA6D252D7E /* Frameworks */ = {
			isa = PBXGroup;
			children = (
				345CE06EB7C8F6B36FD84EE6 /* libPods.a */,
			);
			name = Frameworks;
			sourceTree = "<group>";
		};
		6800EEEF1C29950B000CAD71 /* LogInImages */ = {
			isa = PBXGroup;
			children = (
				6800EEF01C29950B000CAD71 /* btn1_nor.png */,
				6800EEF11C29950B000CAD71 /* btn1_sel.png */,
				6800EEF21C29950B000CAD71 /* btn_register.png */,
				6800EEF31C29950B000CAD71 /* btn_registerb.png */,
				6800EEF41C29950B000CAD71 /* cell_back.png */,
				6800EEF51C29950B000CAD71 /* list_icon1.png */,
				6800EEF61C29950B000CAD71 /* list_icon2.png */,
				6800EEF71C29950B000CAD71 /* list_icon3.png */,
				6800EEF81C29950B000CAD71 /* list_icon4.png */,
				6800EEF91C29950B000CAD71 /* list_icon5.png */,
				6800EEFA1C29950B000CAD71 /* logo.png */,
				6800EEFB1C29950B000CAD71 /* nav_btn_refresh.png */,
				6800EEFC1C29950B000CAD71 /* tab_btn1_nor.png */,
				6800EEFD1C29950B000CAD71 /* tab_btn1_sel.png */,
				6800EEFE1C29950B000CAD71 /* tab_btn2_nor.png */,
				6800EEFF1C29950B000CAD71 /* tab_btn2_sel.png */,
				6800EF001C29950B000CAD71 /* tab_btn3_nor.png */,
				6800EF011C29950B000CAD71 /* tab_btn3_sel.png */,
				6800EF021C29950B000CAD71 /* tab_btn4_nor.png */,
				6800EF031C29950B000CAD71 /* tab_btn4_sel.png */,
				6800EF041C29950B000CAD71 /* tab_btn7_nor.png */,
				6800EF051C29950B000CAD71 /* tab_btn7_sel.png */,
				6800EF061C29950B000CAD71 /* tab_btn9_nor.png */,
				6800EF071C29950B000CAD71 /* tab_btn9_sel.png */,
			);
			path = LogInImages;
			sourceTree = "<group>";
		};
		6800EF201C299843000CAD71 /* Launcher */ = {
			isa = PBXGroup;
			children = (
				6800EF231C299864000CAD71 /* launcher@3x.png */,
			);
			path = Launcher;
			sourceTree = "<group>";
		};
		685A834E1C28405D0075745A /* Icon */ = {
			isa = PBXGroup;
			children = (
				6800EF201C299843000CAD71 /* Launcher */,
				6800EEEF1C29950B000CAD71 /* LogInImages */,
			);
			path = Icon;
			sourceTree = "<group>";
		};
		685A834F1C28405D0075745A /* ServicePlatform */ = {
			isa = PBXGroup;
			children = (
			);
			path = ServicePlatform;
			sourceTree = "<group>";
		};
		685A83501C28405D0075745A /* Tools */ = {
			isa = PBXGroup;
			children = (
			);
			path = Tools;
			sourceTree = "<group>";
		};
		685A83511C28405D0075745A /* UI */ = {
			isa = PBXGroup;
			children = (
				687A65401C284579001E1FB4 /* BSB */,
				687A65441C284579001E1FB4 /* HHV */,
				687A65481C284579001E1FB4 /* LFD */,
				687A654C1C284579001E1FB4 /* XHV */,
				687A65391C28444E001E1FB4 /* TabBarController */,
				685A835B1C2842DC0075745A /* BaseViewController */,
			);
			path = UI;
			sourceTree = "<group>";
		};
		685A835B1C2842DC0075745A /* BaseViewController */ = {
			isa = PBXGroup;
			children = (
				685A835C1C2842FE0075745A /* BaseTabBarController.h */,
				685A835D1C2842FE0075745A /* BaseTabBarController.m */,
				685A835F1C28430E0075745A /* BaseViewController.h */,
				685A83601C28430E0075745A /* BaseViewController.m */,
			);
			path = BaseViewController;
			sourceTree = "<group>";
		};
		687A65391C28444E001E1FB4 /* TabBarController */ = {
			isa = PBXGroup;
			children = (
				687A653A1C284455001E1FB4 /* RescomTabBarController.h */,
				687A653B1C284455001E1FB4 /* RescomTabBarController.m */,
			);
			path = TabBarController;
			sourceTree = "<group>";
		};
		687A65401C284579001E1FB4 /* BSB */ = {
			isa = PBXGroup;
			children = (
				687A65411C284579001E1FB4 /* Model */,
				687A65421C284579001E1FB4 /* View */,
				687A65431C284579001E1FB4 /* ViewController */,
			);
			path = BSB;
			sourceTree = "<group>";
		};
		687A65411C284579001E1FB4 /* Model */ = {
			isa = PBXGroup;
			children = (
			);
			path = Model;
			sourceTree = "<group>";
		};
		687A65421C284579001E1FB4 /* View */ = {
			isa = PBXGroup;
			children = (
			);
			path = View;
			sourceTree = "<group>";
		};
		687A65431C284579001E1FB4 /* ViewController */ = {
			isa = PBXGroup;
			children = (
				687A65501C284593001E1FB4 /* BSBViewController.h */,
				687A65511C284593001E1FB4 /* BSBViewController.m */,
			);
			path = ViewController;
			sourceTree = "<group>";
		};
		687A65441C284579001E1FB4 /* HHV */ = {
			isa = PBXGroup;
			children = (
				687A65451C284579001E1FB4 /* Model */,
				687A65461C284579001E1FB4 /* View */,
				687A65471C284579001E1FB4 /* ViewController */,
			);
			path = HHV;
			sourceTree = "<group>";
		};
		687A65451C284579001E1FB4 /* Model */ = {
			isa = PBXGroup;
			children = (
			);
			path = Model;
			sourceTree = "<group>";
		};
		687A65461C284579001E1FB4 /* View */ = {
			isa = PBXGroup;
			children = (
			);
			path = View;
			sourceTree = "<group>";
		};
		687A65471C284579001E1FB4 /* ViewController */ = {
			isa = PBXGroup;
			children = (
				687A65531C2845A2001E1FB4 /* HHVViewController.h */,
				687A65541C2845A2001E1FB4 /* HHVViewController.m */,
			);
			path = ViewController;
			sourceTree = "<group>";
		};
		687A65481C284579001E1FB4 /* LFD */ = {
			isa = PBXGroup;
			children = (
				687A65491C284579001E1FB4 /* Model */,
				687A654A1C284579001E1FB4 /* View */,
				687A654B1C284579001E1FB4 /* ViewController */,
			);
			path = LFD;
			sourceTree = "<group>";
		};
		687A65491C284579001E1FB4 /* Model */ = {
			isa = PBXGroup;
			children = (
			);
			path = Model;
			sourceTree = "<group>";
		};
		687A654A1C284579001E1FB4 /* View */ = {
			isa = PBXGroup;
			children = (
			);
			path = View;
			sourceTree = "<group>";
		};
		687A654B1C284579001E1FB4 /* ViewController */ = {
			isa = PBXGroup;
			children = (
				687A65561C2845AC001E1FB4 /* LFDViewController.h */,
				687A65571C2845AC001E1FB4 /* LFDViewController.m */,
			);
			path = ViewController;
			sourceTree = "<group>";
		};
		687A654C1C284579001E1FB4 /* XHV */ = {
			isa = PBXGroup;
			children = (
				687A654D1C284579001E1FB4 /* Model */,
				687A654E1C284579001E1FB4 /* View */,
				687A654F1C284579001E1FB4 /* ViewController */,
			);
			path = XHV;
			sourceTree = "<group>";
		};
		687A654D1C284579001E1FB4 /* Model */ = {
			isa = PBXGroup;
			children = (
				68DE83391C2AE17E0067FC3E /* XHVPathOfDraw.h */,
				68DE833A1C2AE17E0067FC3E /* XHVPathOfDraw.m */,
			);
			path = Model;
			sourceTree = "<group>";
		};
		687A654E1C284579001E1FB4 /* View */ = {
			isa = PBXGroup;
			children = (
				68DE833C1C2AE2F50067FC3E /* XHVDrawView.h */,
				68DE833D1C2AE2F50067FC3E /* XHVDrawView.m */,
				68DE833F1C2AE4060067FC3E /* XHVToolView.h */,
				68DE83401C2AE4060067FC3E /* XHVToolView.m */,
				68DE83421C2AE46C0067FC3E /* XHVLineView.h */,
				68DE83431C2AE46C0067FC3E /* XHVLineView.m */,
				68DE83451C2AE4910067FC3E /* XHVColorPath.h */,
				68DE83461C2AE4910067FC3E /* XHVColorPath.m */,
			);
			path = View;
			sourceTree = "<group>";
		};
		687A654F1C284579001E1FB4 /* ViewController */ = {
			isa = PBXGroup;
			children = (
				687A65591C2845BE001E1FB4 /* XHVViewController.h */,
				687A655A1C2845BE001E1FB4 /* XHVViewController.m */,
			);
			path = ViewController;
			sourceTree = "<group>";
		};
		68935C6E1C19C34400717082 = {
			isa = PBXGroup;
			children = (
				68935C791C19C34400717082 /* MCJRescom */,
				68935C931C19C34400717082 /* MCJRescomTests */,
				68935C781C19C34400717082 /* Products */,
				DDCF06736DF84D1C3824B88C /* Pods */,
				41D41C1CD92D3FDA6D252D7E /* Frameworks */,
			);
			sourceTree = "<group>";
		};
		68935C781C19C34400717082 /* Products */ = {
			isa = PBXGroup;
			children = (
				68935C771C19C34400717082 /* MCJRescom.app */,
				68935C901C19C34400717082 /* MCJRescomTests.xctest */,
			);
			name = Products;
			sourceTree = "<group>";
		};
		68935C791C19C34400717082 /* MCJRescom */ = {
			isa = PBXGroup;
			children = (
				685A834E1C28405D0075745A /* Icon */,
				685A834F1C28405D0075745A /* ServicePlatform */,
				685A83501C28405D0075745A /* Tools */,
				685A83511C28405D0075745A /* UI */,
				68935C7E1C19C34400717082 /* AppDelegate.h */,
				68935C7F1C19C34400717082 /* AppDelegate.m */,
				68935C871C19C34400717082 /* Images.xcassets */,
				68935C891C19C34400717082 /* LaunchScreen.xib */,
				68935C7A1C19C34400717082 /* Supporting Files */,
			);
			path = MCJRescom;
			sourceTree = "<group>";
		};
		68935C7A1C19C34400717082 /* Supporting Files */ = {
			isa = PBXGroup;
			children = (
				68935C7B1C19C34400717082 /* Info.plist */,
				68935C7C1C19C34400717082 /* main.m */,
			);
			name = "Supporting Files";
			sourceTree = "<group>";
		};
		68935C931C19C34400717082 /* MCJRescomTests */ = {
			isa = PBXGroup;
			children = (
				68935C961C19C34400717082 /* MCJRescomTests.m */,
				68935C941C19C34400717082 /* Supporting Files */,
			);
			path = MCJRescomTests;
			sourceTree = "<group>";
		};
		68935C941C19C34400717082 /* Supporting Files */ = {
			isa = PBXGroup;
			children = (
				68935C951C19C34400717082 /* Info.plist */,
			);
			name = "Supporting Files";
			sourceTree = "<group>";
		};
		DDCF06736DF84D1C3824B88C /* Pods */ = {
			isa = PBXGroup;
			children = (
				11E63735C267DDD3A1B8F312 /* Pods.debug.xcconfig */,
				8951F3AED1710906C6ABB26A /* Pods.release.xcconfig */,
			);
			name = Pods;
			sourceTree = "<group>";
		};
/* End PBXGroup section */

/* Begin PBXNativeTarget section */
		68935C761C19C34400717082 /* MCJRescom */ = {
			isa = PBXNativeTarget;
			buildConfigurationList = 68935C9A1C19C34400717082 /* Build configuration list for PBXNativeTarget "MCJRescom" */;
			buildPhases = (
				BFE6426417943B70E4C56915 /* Check Pods Manifest.lock */,
				68935C731C19C34400717082 /* Sources */,
				68935C741C19C34400717082 /* Frameworks */,
				68935C751C19C34400717082 /* Resources */,
				6A3C6371EEACCCEB0252D809 /* Embed Pods Frameworks */,
				1DDF01E1B7FCF0D38BE18A91 /* Copy Pods Resources */,
			);
			buildRules = (
			);
			dependencies = (
			);
			name = MCJRescom;
			productName = MCJRescom;
			productReference = 68935C771C19C34400717082 /* MCJRescom.app */;
			productType = "com.apple.product-type.application";
		};
		68935C8F1C19C34400717082 /* MCJRescomTests */ = {
			isa = PBXNativeTarget;
			buildConfigurationList = 68935C9D1C19C34400717082 /* Build configuration list for PBXNativeTarget "MCJRescomTests" */;
			buildPhases = (
				68935C8C1C19C34400717082 /* Sources */,
				68935C8D1C19C34400717082 /* Frameworks */,
				68935C8E1C19C34400717082 /* Resources */,
			);
			buildRules = (
			);
			dependencies = (
				68935C921C19C34400717082 /* PBXTargetDependency */,
			);
			name = MCJRescomTests;
			productName = MCJRescomTests;
			productReference = 68935C901C19C34400717082 /* MCJRescomTests.xctest */;
			productType = "com.apple.product-type.bundle.unit-test";
		};
/* End PBXNativeTarget section */

/* Begin PBXProject section */
		68935C6F1C19C34400717082 /* Project object */ = {
			isa = PBXProject;
			attributes = {
				LastUpgradeCheck = 0630;
				ORGANIZATIONNAME = qianfeng;
				TargetAttributes = {
					68935C761C19C34400717082 = {
						CreatedOnToolsVersion = 6.3;
					};
					68935C8F1C19C34400717082 = {
						CreatedOnToolsVersion = 6.3;
						TestTargetID = 68935C761C19C34400717082;
					};
				};
			};
			buildConfigurationList = 68935C721C19C34400717082 /* Build configuration list for PBXProject "MCJRescom" */;
			compatibilityVersion = "Xcode 3.2";
			developmentRegion = English;
			hasScannedForEncodings = 0;
			knownRegions = (
				en,
				Base,
			);
			mainGroup = 68935C6E1C19C34400717082;
			productRefGroup = 68935C781C19C34400717082 /* Products */;
			projectDirPath = "";
			projectRoot = "";
			targets = (
				68935C761C19C34400717082 /* MCJRescom */,
				68935C8F1C19C34400717082 /* MCJRescomTests */,
			);
		};
/* End PBXProject section */

/* Begin PBXResourcesBuildPhase section */
		68935C751C19C34400717082 /* Resources */ = {
			isa = PBXResourcesBuildPhase;
			buildActionMask = 2147483647;
			files = (
				6800EF121C29950B000CAD71 /* logo.png in Resources */,
				6800EF1F1C29950B000CAD71 /* tab_btn9_sel.png in Resources */,
				6800EF151C29950B000CAD71 /* tab_btn1_sel.png in Resources */,
				6800EF0F1C29950B000CAD71 /* list_icon3.png in Resources */,
				6800EF161C29950B000CAD71 /* tab_btn2_nor.png in Resources */,
				6800EF1A1C29950B000CAD71 /* tab_btn4_nor.png in Resources */,
				68935C8B1C19C34400717082 /* LaunchScreen.xib in Resources */,
				6800EF0E1C29950B000CAD71 /* list_icon2.png in Resources */,
				6800EF241C299864000CAD71 /* launcher@3x.png in Resources */,
				6800EF1C1C29950B000CAD71 /* tab_btn7_nor.png in Resources */,
				6800EF081C29950B000CAD71 /* btn1_nor.png in Resources */,
				6800EF0B1C29950B000CAD71 /* btn_registerb.png in Resources */,
				68935C881C19C34400717082 /* Images.xcassets in Resources */,
				6800EF091C29950B000CAD71 /* btn1_sel.png in Resources */,
				6800EF141C29950B000CAD71 /* tab_btn1_nor.png in Resources */,
				6800EF131C29950B000CAD71 /* nav_btn_refresh.png in Resources */,
				6800EF181C29950B000CAD71 /* tab_btn3_nor.png in Resources */,
				6800EF1D1C29950B000CAD71 /* tab_btn7_sel.png in Resources */,
				6800EF171C29950B000CAD71 /* tab_btn2_sel.png in Resources */,
				6800EF101C29950B000CAD71 /* list_icon4.png in Resources */,
				6800EF1B1C29950B000CAD71 /* tab_btn4_sel.png in Resources */,
				6800EF191C29950B000CAD71 /* tab_btn3_sel.png in Resources */,
				6800EF0A1C29950B000CAD71 /* btn_register.png in Resources */,
				6800EF0D1C29950B000CAD71 /* list_icon1.png in Resources */,
				6800EF111C29950B000CAD71 /* list_icon5.png in Resources */,
				6800EF1E1C29950B000CAD71 /* tab_btn9_nor.png in Resources */,
				6800EF0C1C29950B000CAD71 /* cell_back.png in Resources */,
			);
			runOnlyForDeploymentPostprocessing = 0;
		};
		68935C8E1C19C34400717082 /* Resources */ = {
			isa = PBXResourcesBuildPhase;
			buildActionMask = 2147483647;
			files = (
			);
			runOnlyForDeploymentPostprocessing = 0;
		};
/* End PBXResourcesBuildPhase section */

/* Begin PBXShellScriptBuildPhase section */
		1DDF01E1B7FCF0D38BE18A91 /* Copy Pods Resources */ = {
			isa = PBXShellScriptBuildPhase;
			buildActionMask = 2147483647;
			files = (
			);
			inputPaths = (
			);
			name = "Copy Pods Resources";
			outputPaths = (
			);
			runOnlyForDeploymentPostprocessing = 0;
			shellPath = /bin/sh;
			shellScript = "\"${SRCROOT}/Pods/Target Support Files/Pods/Pods-resources.sh\"\n";
			showEnvVarsInLog = 0;
		};
		6A3C6371EEACCCEB0252D809 /* Embed Pods Frameworks */ = {
			isa = PBXShellScriptBuildPhase;
			buildActionMask = 2147483647;
			files = (
			);
			inputPaths = (
			);
			name = "Embed Pods Frameworks";
			outputPaths = (
			);
			runOnlyForDeploymentPostprocessing = 0;
			shellPath = /bin/sh;
			shellScript = "\"${SRCROOT}/Pods/Target Support Files/Pods/Pods-frameworks.sh\"\n";
			showEnvVarsInLog = 0;
		};
		BFE6426417943B70E4C56915 /* Check Pods Manifest.lock */ = {
			isa = PBXShellScriptBuildPhase;
			buildActionMask = 2147483647;
			files = (
			);
			inputPaths = (
			);
			name = "Check Pods Manifest.lock";
			outputPaths = (
			);
			runOnlyForDeploymentPostprocessing = 0;
			shellPath = /bin/sh;
			shellScript = "diff \"${PODS_ROOT}/../Podfile.lock\" \"${PODS_ROOT}/Manifest.lock\" > /dev/null\nif [[ $? != 0 ]] ; then\n    cat << EOM\nerror: The sandbox is not in sync with the Podfile.lock. Run 'pod install' or update your CocoaPods installation.\nEOM\n    exit 1\nfi\n";
			showEnvVarsInLog = 0;
		};
/* End PBXShellScriptBuildPhase section */

/* Begin PBXSourcesBuildPhase section */
		68935C731C19C34400717082 /* Sources */ = {
			isa = PBXSourcesBuildPhase;
			buildActionMask = 2147483647;
			files = (
				685A835E1C2842FE0075745A /* BaseTabBarController.m in Sources */,
				68DE833E1C2AE2F50067FC3E /* XHVDrawView.m in Sources */,
				685A83611C28430E0075745A /* BaseViewController.m in Sources */,
				687A65551C2845A2001E1FB4 /* HHVViewController.m in Sources */,
				687A65581C2845AC001E1FB4 /* LFDViewController.m in Sources */,
				68DE83471C2AE4910067FC3E /* XHVColorPath.m in Sources */,
				68DE83441C2AE46C0067FC3E /* XHVLineView.m in Sources */,
				687A653C1C284455001E1FB4 /* RescomTabBarController.m in Sources */,
				68935C801C19C34400717082 /* AppDelegate.m in Sources */,
				68DE833B1C2AE17E0067FC3E /* XHVPathOfDraw.m in Sources */,
				687A65521C284593001E1FB4 /* BSBViewController.m in Sources */,
				68935C7D1C19C34400717082 /* main.m in Sources */,
				687A655B1C2845BE001E1FB4 /* XHVViewController.m in Sources */,
				68DE83411C2AE4060067FC3E /* XHVToolView.m in Sources */,
			);
			runOnlyForDeploymentPostprocessing = 0;
		};
		68935C8C1C19C34400717082 /* Sources */ = {
			isa = PBXSourcesBuildPhase;
			buildActionMask = 2147483647;
			files = (
				68935C971C19C34400717082 /* MCJRescomTests.m in Sources */,
			);
			runOnlyForDeploymentPostprocessing = 0;
		};
/* End PBXSourcesBuildPhase section */

/* Begin PBXTargetDependency section */
		68935C921C19C34400717082 /* PBXTargetDependency */ = {
			isa = PBXTargetDependency;
			target = 68935C761C19C34400717082 /* MCJRescom */;
			targetProxy = 68935C911C19C34400717082 /* PBXContainerItemProxy */;
		};
/* End PBXTargetDependency section */

/* Begin PBXVariantGroup section */
		68935C891C19C34400717082 /* LaunchScreen.xib */ = {
			isa = PBXVariantGroup;
			children = (
				68935C8A1C19C34400717082 /* Base */,
			);
			name = LaunchScreen.xib;
			sourceTree = "<group>";
		};
/* End PBXVariantGroup section */

/* Begin XCBuildConfiguration section */
		68935C981C19C34400717082 /* Debug */ = {
			isa = XCBuildConfiguration;
			buildSettings = {
				ALWAYS_SEARCH_USER_PATHS = NO;
				CLANG_CXX_LANGUAGE_STANDARD = "gnu++0x";
				CLANG_CXX_LIBRARY = "libc++";
				CLANG_ENABLE_MODULES = YES;
				CLANG_ENABLE_OBJC_ARC = YES;
				CLANG_WARN_BOOL_CONVERSION = YES;
				CLANG_WARN_CONSTANT_CONVERSION = YES;
				CLANG_WARN_DIRECT_OBJC_ISA_USAGE = YES_ERROR;
				CLANG_WARN_EMPTY_BODY = YES;
				CLANG_WARN_ENUM_CONVERSION = YES;
				CLANG_WARN_INT_CONVERSION = YES;
				CLANG_WARN_OBJC_ROOT_CLASS = YES_ERROR;
				CLANG_WARN_UNREACHABLE_CODE = YES;
				CLANG_WARN__DUPLICATE_METHOD_MATCH = YES;
				"CODE_SIGN_IDENTITY[sdk=iphoneos*]" = "iPhone Developer";
				COPY_PHASE_STRIP = NO;
				DEBUG_INFORMATION_FORMAT = "dwarf-with-dsym";
				ENABLE_STRICT_OBJC_MSGSEND = YES;
				GCC_C_LANGUAGE_STANDARD = gnu99;
				GCC_DYNAMIC_NO_PIC = NO;
				GCC_NO_COMMON_BLOCKS = YES;
				GCC_OPTIMIZATION_LEVEL = 0;
				GCC_PREPROCESSOR_DEFINITIONS = (
					"DEBUG=1",
					"$(inherited)",
				);
				GCC_SYMBOLS_PRIVATE_EXTERN = NO;
				GCC_WARN_64_TO_32_BIT_CONVERSION = YES;
				GCC_WARN_ABOUT_RETURN_TYPE = YES_ERROR;
				GCC_WARN_UNDECLARED_SELECTOR = YES;
				GCC_WARN_UNINITIALIZED_AUTOS = YES_AGGRESSIVE;
				GCC_WARN_UNUSED_FUNCTION = YES;
				GCC_WARN_UNUSED_VARIABLE = YES;
				IPHONEOS_DEPLOYMENT_TARGET = 8.3;
				MTL_ENABLE_DEBUG_INFO = YES;
				ONLY_ACTIVE_ARCH = YES;
				SDKROOT = iphoneos;
			};
			name = Debug;
		};
		68935C991C19C34400717082 /* Release */ = {
			isa = XCBuildConfiguration;
			buildSettings = {
				ALWAYS_SEARCH_USER_PATHS = NO;
				CLANG_CXX_LANGUAGE_STANDARD = "gnu++0x";
				CLANG_CXX_LIBRARY = "libc++";
				CLANG_ENABLE_MODULES = YES;
				CLANG_ENABLE_OBJC_ARC = YES;
				CLANG_WARN_BOOL_CONVERSION = YES;
				CLANG_WARN_CONSTANT_CONVERSION = YES;
				CLANG_WARN_DIRECT_OBJC_ISA_USAGE = YES_ERROR;
				CLANG_WARN_EMPTY_BODY = YES;
				CLANG_WARN_ENUM_CONVERSION = YES;
				CLANG_WARN_INT_CONVERSION = YES;
				CLANG_WARN_OBJC_ROOT_CLASS = YES_ERROR;
				CLANG_WARN_UNREACHABLE_CODE = YES;
				CLANG_WARN__DUPLICATE_METHOD_MATCH = YES;
				"CODE_SIGN_IDENTITY[sdk=iphoneos*]" = "iPhone Developer";
				COPY_PHASE_STRIP = NO;
				DEBUG_INFORMATION_FORMAT = "dwarf-with-dsym";
				ENABLE_NS_ASSERTIONS = NO;
				ENABLE_STRICT_OBJC_MSGSEND = YES;
				GCC_C_LANGUAGE_STANDARD = gnu99;
				GCC_NO_COMMON_BLOCKS = YES;
				GCC_WARN_64_TO_32_BIT_CONVERSION = YES;
				GCC_WARN_ABOUT_RETURN_TYPE = YES_ERROR;
				GCC_WARN_UNDECLARED_SELECTOR = YES;
				GCC_WARN_UNINITIALIZED_AUTOS = YES_AGGRESSIVE;
				GCC_WARN_UNUSED_FUNCTION = YES;
				GCC_WARN_UNUSED_VARIABLE = YES;
				IPHONEOS_DEPLOYMENT_TARGET = 8.3;
				MTL_ENABLE_DEBUG_INFO = NO;
				SDKROOT = iphoneos;
				VALIDATE_PRODUCT = YES;
			};
			name = Release;
		};
		68935C9B1C19C34400717082 /* Debug */ = {
			isa = XCBuildConfiguration;
			baseConfigurationReference = 11E63735C267DDD3A1B8F312 /* Pods.debug.xcconfig */;
			buildSettings = {
				ASSETCATALOG_COMPILER_APPICON_NAME = AppIcon;
				INFOPLIST_FILE = MCJRescom/Info.plist;
				LD_RUNPATH_SEARCH_PATHS = "$(inherited) @executable_path/Frameworks";
				PRODUCT_NAME = "$(TARGET_NAME)";
			};
			name = Debug;
		};
		68935C9C1C19C34400717082 /* Release */ = {
			isa = XCBuildConfiguration;
			baseConfigurationReference = 8951F3AED1710906C6ABB26A /* Pods.release.xcconfig */;
			buildSettings = {
				ASSETCATALOG_COMPILER_APPICON_NAME = AppIcon;
				INFOPLIST_FILE = MCJRescom/Info.plist;
				LD_RUNPATH_SEARCH_PATHS = "$(inherited) @executable_path/Frameworks";
				PRODUCT_NAME = "$(TARGET_NAME)";
			};
			name = Release;
		};
		68935C9E1C19C34400717082 /* Debug */ = {
			isa = XCBuildConfiguration;
			buildSettings = {
				BUNDLE_LOADER = "$(TEST_HOST)";
				FRAMEWORK_SEARCH_PATHS = (
					"$(SDKROOT)/Developer/Library/Frameworks",
					"$(inherited)",
				);
				GCC_PREPROCESSOR_DEFINITIONS = (
					"DEBUG=1",
					"$(inherited)",
				);
				INFOPLIST_FILE = MCJRescomTests/Info.plist;
				LD_RUNPATH_SEARCH_PATHS = "$(inherited) @executable_path/Frameworks @loader_path/Frameworks";
				PRODUCT_NAME = "$(TARGET_NAME)";
				TEST_HOST = "$(BUILT_PRODUCTS_DIR)/MCJRescom.app/MCJRescom";
			};
			name = Debug;
		};
		68935C9F1C19C34400717082 /* Release */ = {
			isa = XCBuildConfiguration;
			buildSettings = {
				BUNDLE_LOADER = "$(TEST_HOST)";
				FRAMEWORK_SEARCH_PATHS = (
					"$(SDKROOT)/Developer/Library/Frameworks",
					"$(inherited)",
				);
				INFOPLIST_FILE = MCJRescomTests/Info.plist;
				LD_RUNPATH_SEARCH_PATHS = "$(inherited) @executable_path/Frameworks @loader_path/Frameworks";
				PRODUCT_NAME = "$(TARGET_NAME)";
				TEST_HOST = "$(BUILT_PRODUCTS_DIR)/MCJRescom.app/MCJRescom";
			};
			name = Release;
		};
/* End XCBuildConfiguration section */

/* Begin XCConfigurationList section */
		68935C721C19C34400717082 /* Build configuration list for PBXProject "MCJRescom" */ = {
			isa = XCConfigurationList;
			buildConfigurations = (
				68935C981C19C34400717082 /* Debug */,
				68935C991C19C34400717082 /* Release */,
			);
			defaultConfigurationIsVisible = 0;
			defaultConfigurationName = Release;
		};
		68935C9A1C19C34400717082 /* Build configuration list for PBXNativeTarget "MCJRescom" */ = {
			isa = XCConfigurationList;
			buildConfigurations = (
				68935C9B1C19C34400717082 /* Debug */,
				68935C9C1C19C34400717082 /* Release */,
			);
			defaultConfigurationIsVisible = 0;
			defaultConfigurationName = Release;
		};
		68935C9D1C19C34400717082 /* Build configuration list for PBXNativeTarget "MCJRescomTests" */ = {
			isa = XCConfigurationList;
			buildConfigurations = (
				68935C9E1C19C34400717082 /* Debug */,
				68935C9F1C19C34400717082 /* Release */,
			);
			defaultConfigurationIsVisible = 0;
			defaultConfigurationName = Release;
		};
/* End XCConfigurationList section */
	};
	rootObject = 68935C6F1C19C34400717082 /* Project object */;
}
